
Microsoft Visual Studio Solution File, Format Version 12.00
# Visual Studio 15
VisualStudioVersion = 15.0.28307.421
MinimumVisualStudioVersion = 10.0.40219.1
Project("{FAE04EC0-301F-11D3-BF4B-00C04F79EFBC}") = "prbd_1819_g19", "prbd_1819_g19\prbd_1819_g19.csproj", "{D35C4BD4-6E99-45FA-A056-7C565ABE74E6}"
EndProject
Project("{FAE04EC0-301F-11D3-BF4B-00C04F79EFBC}") = "PRBD_Framework", "PRBD_Framework\PRBD_Framework.csproj", "{2E922430-EAAC-4589-A8F4-F35FBB9799B8}"
EndProject
Global
	GlobalSection(SolutionConfigurationPlatforms) = preSolution
		Debug|Any CPU = Debug|Any CPU
		Release|Any CPU = Release|Any CPU
	EndGlobalSection
	GlobalSection(ProjectConfigurationPlatforms) = postSolution
		{D35C4BD4-6E99-45FA-A056-7C565ABE74E6}.Debug|Any CPU.ActiveCfg = Debug|Any CPU
		{D35C4BD4-6E99-45FA-A056-7C565ABE74E6}.Debug|Any CPU.Build.0 = Debug|Any CPU
		{D35C4BD4-6E99-45FA-A056-7C565ABE74E6}.Release|Any CPU.ActiveCfg = Release|Any CPU
		{D35C4BD4-6E99-45FA-A056-7C565ABE74E6}.Release|Any CPU.Build.0 = Release|Any CPU
		{2E922430-EAAC-4589-A8F4-F35FBB9799B8}.Debug|Any CPU.ActiveCfg = Debug|Any CPU
		{2E922430-EAAC-4589-A8F4-F35FBB9799B8}.Debug|Any CPU.Build.0 = Debug|Any CPU
		{2E922430-EAAC-4589-A8F4-F35FBB9799B8}.Release|Any CPU.ActiveCfg = Release|Any CPU
		{2E922430-EAAC-4589-A8F4-F35FBB9799B8}.Release|Any CPU.Build.0 = Release|Any CPU
	EndGlobalSection
	GlobalSection(SolutionProperties) = preSolution
		HideSolutionNode = FALSE
	EndGlobalSection
	GlobalSection(ExtensibilityGlobals) = postSolution
		SolutionGuid = {91D5D10E-AD2F-45FE-9F1D-D556B0D149BB}
	EndGlobalSection
EndGlobal
