
Microsoft Visual Studio Solution File, Format Version 12.00
# Visual Studio 15
VisualStudioVersion = 15.0.28307.168
MinimumVisualStudioVersion = 10.0.40219.1
Project("{FAE04EC0-301F-11D3-BF4B-00C04F79EFBC}") = "prbd_1819_g19", "prbd_1819_g19\prbd_1819_g19.csproj", "{50CEEB50-171E-4873-AABA-B5DAC24FE348}"
EndProject
Project("{FAE04EC0-301F-11D3-BF4B-00C04F79EFBC}") = "PRBD_Framework", "PRBD_Framework\PRBD_Framework.csproj", "{2E922430-EAAC-4589-A8F4-F35FBB9799B8}"
EndProject
Global
	GlobalSection(SolutionConfigurationPlatforms) = preSolution
		Debug|Any CPU = Debug|Any CPU
		Release|Any CPU = Release|Any CPU
	EndGlobalSection
	GlobalSection(ProjectConfigurationPlatforms) = postSolution
		{50CEEB50-171E-4873-AABA-B5DAC24FE348}.Debug|Any CPU.ActiveCfg = Debug|Any CPU
		{50CEEB50-171E-4873-AABA-B5DAC24FE348}.Debug|Any CPU.Build.0 = Debug|Any CPU
		{50CEEB50-171E-4873-AABA-B5DAC24FE348}.Release|Any CPU.ActiveCfg = Release|Any CPU
		{50CEEB50-171E-4873-AABA-B5DAC24FE348}.Release|Any CPU.Build.0 = Release|Any CPU
		{2E922430-EAAC-4589-A8F4-F35FBB9799B8}.Debug|Any CPU.ActiveCfg = Debug|Any CPU
		{2E922430-EAAC-4589-A8F4-F35FBB9799B8}.Debug|Any CPU.Build.0 = Debug|Any CPU
		{2E922430-EAAC-4589-A8F4-F35FBB9799B8}.Release|Any CPU.ActiveCfg = Release|Any CPU
		{2E922430-EAAC-4589-A8F4-F35FBB9799B8}.Release|Any CPU.Build.0 = Release|Any CPU
	EndGlobalSection
	GlobalSection(SolutionProperties) = preSolution
		HideSolutionNode = FALSE
	EndGlobalSection
	GlobalSection(ExtensibilityGlobals) = postSolution
		SolutionGuid = {3A7FE314-0FA9-4034-A49D-87F0227D843C}
	EndGlobalSection
EndGlobal
